
Microsoft Visual Studio Solution File, Format Version 12.00
# Visual Studio 14
VisualStudioVersion = 14.0.25420.1
MinimumVisualStudioVersion = 10.0.40219.1
Project("{2150E333-8FDC-42A3-9474-1A3956D46DE8}") = "Tools", "Tools", "{F5DCBFA2-B438-4CD0-A67F-6D329451598C}"
EndProject
Project("{FAE04EC0-301F-11D3-BF4B-00C04F79EFBC}") = "ProjectAmadeus", "src\Tools\ProjectAmadeus\ProjectAmadeus.csproj", "{5B0E0750-7271-48EF-8DC3-DB4FA50DA197}"
EndProject
Project("{2150E333-8FDC-42A3-9474-1A3956D46DE8}") = "Internal", "Internal", "{56EB6F12-8D8A-41A3-88F2-FCC99A1FDD44}"
EndProject
Project("{FAE04EC0-301F-11D3-BF4B-00C04F79EFBC}") = "SupportedModulesGenerator", "src\Internal\SupportedModulesGenerator\SupportedModulesGenerator.csproj", "{9A399352-004C-4275-9D32-90BF8C19F0AA}"
EndProject
Project("{FAE04EC0-301F-11D3-BF4B-00C04F79EFBC}") = "Ungelify", "src\Tools\Ungelify\Ungelify.csproj", "{09CC8B05-E45D-4B40-A44B-EFF68238F95F}"
EndProject
Project("{2150E333-8FDC-42A3-9474-1A3956D46DE8}") = "Games", "Games", "{4EC678B3-068B-47B9-8241-4D9D8416A3D9}"
EndProject
Project("{FAE04EC0-301F-11D3-BF4B-00C04F79EFBC}") = "SciAdvNet.SC3", "src\SciAdvNet.SC3\SciAdvNet.SC3.csproj", "{1B768A39-F2BD-41F5-8CBE-3C6F1B9F69DC}"
EndProject
Project("{FAE04EC0-301F-11D3-BF4B-00C04F79EFBC}") = "SciAdvNet.CriwareVfs", "src\SciAdvNet.CriwareVfs\SciAdvNet.CriwareVfs.csproj", "{8115741A-A820-4943-BEA2-E57EDBF3689B}"
EndProject
Project("{FAE04EC0-301F-11D3-BF4B-00C04F79EFBC}") = "SciAdvNet.MagesVfs", "src\SciAdvNet.MagesVfs\SciAdvNet.MagesVfs.csproj", "{679A414C-CB14-4A17-B90B-F9FC16DB55E6}"
EndProject
Project("{D954291E-2A0B-460D-934E-DC6B0785DB48}") = "SciAdvNet.Common", "src\SciAdvNet.Common\SciAdvNet.Common.shproj", "{19A288B6-7E05-488D-92D4-EA91629BF25C}"
EndProject
Project("{FAE04EC0-301F-11D3-BF4B-00C04F79EFBC}") = "SciAdvNet.NSScript", "src\SciAdvNet.NSScript\SciAdvNet.NSScript.csproj", "{D141E5DC-81DB-4352-8BAE-E3772BDC23DE}"
EndProject
Project("{FAE04EC0-301F-11D3-BF4B-00C04F79EFBC}") = "ChaosHeadNoah", "src\Games\ChaosHeadNoah\ChaosHeadNoah.csproj", "{985EF24F-2BE8-4CDA-92E9-01A401AB864A}"
EndProject
Project("{FAE04EC0-301F-11D3-BF4B-00C04F79EFBC}") = "SciAdvNet.Engine", "src\SciAdvNet.Engine\SciAdvNet.Engine.csproj", "{E2F87D43-2BE1-4916-B0BD-189E9DF344E8}"
EndProject
Project("{FAE04EC0-301F-11D3-BF4B-00C04F79EFBC}") = "SciAdvNet.Vfs", "src\SciAdvNet.Vfs\SciAdvNet.Vfs.csproj", "{57C40F3D-568E-4055-B1B2-534740324D32}"
EndProject
Project("{FAE04EC0-301F-11D3-BF4B-00C04F79EFBC}") = "NssInteractive", "src\Internal\NssInteractive\NssInteractive.csproj", "{82597A86-A912-417F-9875-3D52B53DD343}"
EndProject
Project("{FAE04EC0-301F-11D3-BF4B-00C04F79EFBC}") = "NssBenchmarks", "src\Internal\NssBenchmarks\NssBenchmarks.csproj", "{ACB5C0B4-8DCE-47C1-9464-976875546679}"
EndProject
Project("{FAE04EC0-301F-11D3-BF4B-00C04F79EFBC}") = "SciAdvNet.MagesVfs.Tests", "tests\SciAdvNet.MagesVfs.Tests\SciAdvNet.MagesVfs.Tests.csproj", "{2B9AAEC0-73B2-4A66-8CD4-652701C6ED22}"
EndProject
Project("{FAE04EC0-301F-11D3-BF4B-00C04F79EFBC}") = "SciAdvNet.NSScript.Tests", "tests\SciAdvNet.NSScript.Tests\SciAdvNet.NSScript.Tests.csproj", "{EC39394D-3A99-4EBB-83F3-9D800A8D4BCC}"
EndProject
Project("{FAE04EC0-301F-11D3-BF4B-00C04F79EFBC}") = "SciAdvNet.SC3.Tests", "tests\SciAdvNet.SC3.Tests\SciAdvNet.SC3.Tests.csproj", "{F46C8D26-8858-47CC-AEC3-D9AD181F22AE}"
EndProject
Project("{FAE04EC0-301F-11D3-BF4B-00C04F79EFBC}") = "SC3Enc", "src\Internal\SC3Enc\SC3Enc.csproj", "{64248C4A-F8FE-468B-8019-5B0D1D90254B}"
EndProject
Project("{2150E333-8FDC-42A3-9474-1A3956D46DE8}") = "src", "src", "{33D617FD-895B-4247-8FE5-C0FC78FEAB20}"
EndProject
Project("{2150E333-8FDC-42A3-9474-1A3956D46DE8}") = "tests", "tests", "{54E01EC0-228B-4CA4-A3C2-3CAFF1B5E9B1}"
EndProject
Global
	GlobalSection(SharedMSBuildProjectFiles) = preSolution
		src\SciAdvNet.Common\SciAdvNet.Common.projitems*{09cc8b05-e45d-4b40-a44b-eff68238f95f}*SharedItemsImports = 4
		src\SciAdvNet.Common\SciAdvNet.Common.projitems*{19a288b6-7e05-488d-92d4-ea91629bf25c}*SharedItemsImports = 13
		src\SciAdvNet.Common\SciAdvNet.Common.projitems*{1b768a39-f2bd-41f5-8cbe-3c6f1b9f69dc}*SharedItemsImports = 4
		src\SciAdvNet.Common\SciAdvNet.Common.projitems*{2b9aaec0-73b2-4a66-8cd4-652701c6ed22}*SharedItemsImports = 4
		src\SciAdvNet.Common\SciAdvNet.Common.projitems*{57c40f3d-568e-4055-b1b2-534740324d32}*SharedItemsImports = 4
		src\SciAdvNet.Common\SciAdvNet.Common.projitems*{5b0e0750-7271-48ef-8dc3-db4fa50da197}*SharedItemsImports = 4
		src\SciAdvNet.Common\SciAdvNet.Common.projitems*{64248c4a-f8fe-468b-8019-5b0d1d90254b}*SharedItemsImports = 4
		src\SciAdvNet.Common\SciAdvNet.Common.projitems*{679a414c-cb14-4a17-b90b-f9fc16db55e6}*SharedItemsImports = 4
		src\SciAdvNet.Common\SciAdvNet.Common.projitems*{8115741a-a820-4943-bea2-e57edbf3689b}*SharedItemsImports = 4
		src\SciAdvNet.Common\SciAdvNet.Common.projitems*{82597a86-a912-417f-9875-3d52b53dd343}*SharedItemsImports = 4
		src\SciAdvNet.Common\SciAdvNet.Common.projitems*{985ef24f-2be8-4cda-92e9-01a401ab864a}*SharedItemsImports = 4
		src\SciAdvNet.Common\SciAdvNet.Common.projitems*{9a399352-004c-4275-9d32-90bf8c19f0aa}*SharedItemsImports = 4
		src\SciAdvNet.Common\SciAdvNet.Common.projitems*{acb5c0b4-8dce-47c1-9464-976875546679}*SharedItemsImports = 4
		src\SciAdvNet.Common\SciAdvNet.Common.projitems*{d141e5dc-81db-4352-8bae-e3772bdc23de}*SharedItemsImports = 4
		src\SciAdvNet.Common\SciAdvNet.Common.projitems*{e2f87d43-2be1-4916-b0bd-189e9df344e8}*SharedItemsImports = 4
		src\SciAdvNet.Common\SciAdvNet.Common.projitems*{ec39394d-3a99-4ebb-83f3-9d800a8d4bcc}*SharedItemsImports = 4
		src\SciAdvNet.Common\SciAdvNet.Common.projitems*{f46c8d26-8858-47cc-aec3-d9ad181f22ae}*SharedItemsImports = 4
	EndGlobalSection
	GlobalSection(SolutionConfigurationPlatforms) = preSolution
		Debug|Any CPU = Debug|Any CPU
		Debug|ARM = Debug|ARM
		Debug|x64 = Debug|x64
		Debug|x86 = Debug|x86
		Release|Any CPU = Release|Any CPU
		Release|ARM = Release|ARM
		Release|x64 = Release|x64
		Release|x86 = Release|x86
	EndGlobalSection
	GlobalSection(ProjectConfigurationPlatforms) = postSolution
		{5B0E0750-7271-48EF-8DC3-DB4FA50DA197}.Debug|Any CPU.ActiveCfg = Debug|Any CPU
		{5B0E0750-7271-48EF-8DC3-DB4FA50DA197}.Debug|Any CPU.Build.0 = Debug|Any CPU
		{5B0E0750-7271-48EF-8DC3-DB4FA50DA197}.Debug|ARM.ActiveCfg = Debug|Any CPU
		{5B0E0750-7271-48EF-8DC3-DB4FA50DA197}.Debug|ARM.Build.0 = Debug|Any CPU
		{5B0E0750-7271-48EF-8DC3-DB4FA50DA197}.Debug|x64.ActiveCfg = Debug|Any CPU
		{5B0E0750-7271-48EF-8DC3-DB4FA50DA197}.Debug|x64.Build.0 = Debug|Any CPU
		{5B0E0750-7271-48EF-8DC3-DB4FA50DA197}.Debug|x86.ActiveCfg = Debug|Any CPU
		{5B0E0750-7271-48EF-8DC3-DB4FA50DA197}.Debug|x86.Build.0 = Debug|Any CPU
		{5B0E0750-7271-48EF-8DC3-DB4FA50DA197}.Release|Any CPU.ActiveCfg = Release|Any CPU
		{5B0E0750-7271-48EF-8DC3-DB4FA50DA197}.Release|Any CPU.Build.0 = Release|Any CPU
		{5B0E0750-7271-48EF-8DC3-DB4FA50DA197}.Release|ARM.ActiveCfg = Release|Any CPU
		{5B0E0750-7271-48EF-8DC3-DB4FA50DA197}.Release|ARM.Build.0 = Release|Any CPU
		{5B0E0750-7271-48EF-8DC3-DB4FA50DA197}.Release|x64.ActiveCfg = Release|Any CPU
		{5B0E0750-7271-48EF-8DC3-DB4FA50DA197}.Release|x64.Build.0 = Release|Any CPU
		{5B0E0750-7271-48EF-8DC3-DB4FA50DA197}.Release|x86.ActiveCfg = Release|Any CPU
		{5B0E0750-7271-48EF-8DC3-DB4FA50DA197}.Release|x86.Build.0 = Release|Any CPU
		{9A399352-004C-4275-9D32-90BF8C19F0AA}.Debug|Any CPU.ActiveCfg = Debug|Any CPU
		{9A399352-004C-4275-9D32-90BF8C19F0AA}.Debug|Any CPU.Build.0 = Debug|Any CPU
		{9A399352-004C-4275-9D32-90BF8C19F0AA}.Debug|ARM.ActiveCfg = Debug|Any CPU
		{9A399352-004C-4275-9D32-90BF8C19F0AA}.Debug|ARM.Build.0 = Debug|Any CPU
		{9A399352-004C-4275-9D32-90BF8C19F0AA}.Debug|x64.ActiveCfg = Debug|Any CPU
		{9A399352-004C-4275-9D32-90BF8C19F0AA}.Debug|x64.Build.0 = Debug|Any CPU
		{9A399352-004C-4275-9D32-90BF8C19F0AA}.Debug|x86.ActiveCfg = Debug|Any CPU
		{9A399352-004C-4275-9D32-90BF8C19F0AA}.Debug|x86.Build.0 = Debug|Any CPU
		{9A399352-004C-4275-9D32-90BF8C19F0AA}.Release|Any CPU.ActiveCfg = Release|Any CPU
		{9A399352-004C-4275-9D32-90BF8C19F0AA}.Release|Any CPU.Build.0 = Release|Any CPU
		{9A399352-004C-4275-9D32-90BF8C19F0AA}.Release|ARM.ActiveCfg = Release|Any CPU
		{9A399352-004C-4275-9D32-90BF8C19F0AA}.Release|ARM.Build.0 = Release|Any CPU
		{9A399352-004C-4275-9D32-90BF8C19F0AA}.Release|x64.ActiveCfg = Release|Any CPU
		{9A399352-004C-4275-9D32-90BF8C19F0AA}.Release|x64.Build.0 = Release|Any CPU
		{9A399352-004C-4275-9D32-90BF8C19F0AA}.Release|x86.ActiveCfg = Release|Any CPU
		{9A399352-004C-4275-9D32-90BF8C19F0AA}.Release|x86.Build.0 = Release|Any CPU
		{09CC8B05-E45D-4B40-A44B-EFF68238F95F}.Debug|Any CPU.ActiveCfg = Debug|Any CPU
		{09CC8B05-E45D-4B40-A44B-EFF68238F95F}.Debug|Any CPU.Build.0 = Debug|Any CPU
		{09CC8B05-E45D-4B40-A44B-EFF68238F95F}.Debug|ARM.ActiveCfg = Debug|Any CPU
		{09CC8B05-E45D-4B40-A44B-EFF68238F95F}.Debug|ARM.Build.0 = Debug|Any CPU
		{09CC8B05-E45D-4B40-A44B-EFF68238F95F}.Debug|x64.ActiveCfg = Debug|Any CPU
		{09CC8B05-E45D-4B40-A44B-EFF68238F95F}.Debug|x64.Build.0 = Debug|Any CPU
		{09CC8B05-E45D-4B40-A44B-EFF68238F95F}.Debug|x86.ActiveCfg = Debug|Any CPU
		{09CC8B05-E45D-4B40-A44B-EFF68238F95F}.Debug|x86.Build.0 = Debug|Any CPU
		{09CC8B05-E45D-4B40-A44B-EFF68238F95F}.Release|Any CPU.ActiveCfg = Release|Any CPU
		{09CC8B05-E45D-4B40-A44B-EFF68238F95F}.Release|Any CPU.Build.0 = Release|Any CPU
		{09CC8B05-E45D-4B40-A44B-EFF68238F95F}.Release|ARM.ActiveCfg = Release|Any CPU
		{09CC8B05-E45D-4B40-A44B-EFF68238F95F}.Release|ARM.Build.0 = Release|Any CPU
		{09CC8B05-E45D-4B40-A44B-EFF68238F95F}.Release|x64.ActiveCfg = Release|Any CPU
		{09CC8B05-E45D-4B40-A44B-EFF68238F95F}.Release|x64.Build.0 = Release|Any CPU
		{09CC8B05-E45D-4B40-A44B-EFF68238F95F}.Release|x86.ActiveCfg = Release|Any CPU
		{09CC8B05-E45D-4B40-A44B-EFF68238F95F}.Release|x86.Build.0 = Release|Any CPU
		{1B768A39-F2BD-41F5-8CBE-3C6F1B9F69DC}.Debug|Any CPU.ActiveCfg = Debug|Any CPU
		{1B768A39-F2BD-41F5-8CBE-3C6F1B9F69DC}.Debug|Any CPU.Build.0 = Debug|Any CPU
		{1B768A39-F2BD-41F5-8CBE-3C6F1B9F69DC}.Debug|ARM.ActiveCfg = Debug|Any CPU
		{1B768A39-F2BD-41F5-8CBE-3C6F1B9F69DC}.Debug|ARM.Build.0 = Debug|Any CPU
		{1B768A39-F2BD-41F5-8CBE-3C6F1B9F69DC}.Debug|x64.ActiveCfg = Debug|Any CPU
		{1B768A39-F2BD-41F5-8CBE-3C6F1B9F69DC}.Debug|x64.Build.0 = Debug|Any CPU
		{1B768A39-F2BD-41F5-8CBE-3C6F1B9F69DC}.Debug|x86.ActiveCfg = Debug|Any CPU
		{1B768A39-F2BD-41F5-8CBE-3C6F1B9F69DC}.Debug|x86.Build.0 = Debug|Any CPU
		{1B768A39-F2BD-41F5-8CBE-3C6F1B9F69DC}.Release|Any CPU.ActiveCfg = Release|Any CPU
		{1B768A39-F2BD-41F5-8CBE-3C6F1B9F69DC}.Release|Any CPU.Build.0 = Release|Any CPU
		{1B768A39-F2BD-41F5-8CBE-3C6F1B9F69DC}.Release|ARM.ActiveCfg = Release|Any CPU
		{1B768A39-F2BD-41F5-8CBE-3C6F1B9F69DC}.Release|ARM.Build.0 = Release|Any CPU
		{1B768A39-F2BD-41F5-8CBE-3C6F1B9F69DC}.Release|x64.ActiveCfg = Release|Any CPU
		{1B768A39-F2BD-41F5-8CBE-3C6F1B9F69DC}.Release|x64.Build.0 = Release|Any CPU
		{1B768A39-F2BD-41F5-8CBE-3C6F1B9F69DC}.Release|x86.ActiveCfg = Release|Any CPU
		{1B768A39-F2BD-41F5-8CBE-3C6F1B9F69DC}.Release|x86.Build.0 = Release|Any CPU
		{8115741A-A820-4943-BEA2-E57EDBF3689B}.Debug|Any CPU.ActiveCfg = Debug|Any CPU
		{8115741A-A820-4943-BEA2-E57EDBF3689B}.Debug|Any CPU.Build.0 = Debug|Any CPU
		{8115741A-A820-4943-BEA2-E57EDBF3689B}.Debug|ARM.ActiveCfg = Debug|Any CPU
		{8115741A-A820-4943-BEA2-E57EDBF3689B}.Debug|ARM.Build.0 = Debug|Any CPU
		{8115741A-A820-4943-BEA2-E57EDBF3689B}.Debug|x64.ActiveCfg = Debug|Any CPU
		{8115741A-A820-4943-BEA2-E57EDBF3689B}.Debug|x64.Build.0 = Debug|Any CPU
		{8115741A-A820-4943-BEA2-E57EDBF3689B}.Debug|x86.ActiveCfg = Debug|Any CPU
		{8115741A-A820-4943-BEA2-E57EDBF3689B}.Debug|x86.Build.0 = Debug|Any CPU
		{8115741A-A820-4943-BEA2-E57EDBF3689B}.Release|Any CPU.ActiveCfg = Release|Any CPU
		{8115741A-A820-4943-BEA2-E57EDBF3689B}.Release|Any CPU.Build.0 = Release|Any CPU
		{8115741A-A820-4943-BEA2-E57EDBF3689B}.Release|ARM.ActiveCfg = Release|Any CPU
		{8115741A-A820-4943-BEA2-E57EDBF3689B}.Release|ARM.Build.0 = Release|Any CPU
		{8115741A-A820-4943-BEA2-E57EDBF3689B}.Release|x64.ActiveCfg = Release|Any CPU
		{8115741A-A820-4943-BEA2-E57EDBF3689B}.Release|x64.Build.0 = Release|Any CPU
		{8115741A-A820-4943-BEA2-E57EDBF3689B}.Release|x86.ActiveCfg = Release|Any CPU
		{8115741A-A820-4943-BEA2-E57EDBF3689B}.Release|x86.Build.0 = Release|Any CPU
		{679A414C-CB14-4A17-B90B-F9FC16DB55E6}.Debug|Any CPU.ActiveCfg = Debug|Any CPU
		{679A414C-CB14-4A17-B90B-F9FC16DB55E6}.Debug|Any CPU.Build.0 = Debug|Any CPU
		{679A414C-CB14-4A17-B90B-F9FC16DB55E6}.Debug|ARM.ActiveCfg = Debug|Any CPU
		{679A414C-CB14-4A17-B90B-F9FC16DB55E6}.Debug|ARM.Build.0 = Debug|Any CPU
		{679A414C-CB14-4A17-B90B-F9FC16DB55E6}.Debug|x64.ActiveCfg = Debug|Any CPU
		{679A414C-CB14-4A17-B90B-F9FC16DB55E6}.Debug|x64.Build.0 = Debug|Any CPU
		{679A414C-CB14-4A17-B90B-F9FC16DB55E6}.Debug|x86.ActiveCfg = Debug|Any CPU
		{679A414C-CB14-4A17-B90B-F9FC16DB55E6}.Debug|x86.Build.0 = Debug|Any CPU
		{679A414C-CB14-4A17-B90B-F9FC16DB55E6}.Release|Any CPU.ActiveCfg = Release|Any CPU
		{679A414C-CB14-4A17-B90B-F9FC16DB55E6}.Release|Any CPU.Build.0 = Release|Any CPU
		{679A414C-CB14-4A17-B90B-F9FC16DB55E6}.Release|ARM.ActiveCfg = Release|Any CPU
		{679A414C-CB14-4A17-B90B-F9FC16DB55E6}.Release|ARM.Build.0 = Release|Any CPU
		{679A414C-CB14-4A17-B90B-F9FC16DB55E6}.Release|x64.ActiveCfg = Release|Any CPU
		{679A414C-CB14-4A17-B90B-F9FC16DB55E6}.Release|x64.Build.0 = Release|Any CPU
		{679A414C-CB14-4A17-B90B-F9FC16DB55E6}.Release|x86.ActiveCfg = Release|Any CPU
		{679A414C-CB14-4A17-B90B-F9FC16DB55E6}.Release|x86.Build.0 = Release|Any CPU
		{D141E5DC-81DB-4352-8BAE-E3772BDC23DE}.Debug|Any CPU.ActiveCfg = Debug|Any CPU
		{D141E5DC-81DB-4352-8BAE-E3772BDC23DE}.Debug|Any CPU.Build.0 = Debug|Any CPU
		{D141E5DC-81DB-4352-8BAE-E3772BDC23DE}.Debug|ARM.ActiveCfg = Debug|Any CPU
		{D141E5DC-81DB-4352-8BAE-E3772BDC23DE}.Debug|ARM.Build.0 = Debug|Any CPU
		{D141E5DC-81DB-4352-8BAE-E3772BDC23DE}.Debug|x64.ActiveCfg = Debug|Any CPU
		{D141E5DC-81DB-4352-8BAE-E3772BDC23DE}.Debug|x64.Build.0 = Debug|Any CPU
		{D141E5DC-81DB-4352-8BAE-E3772BDC23DE}.Debug|x86.ActiveCfg = Debug|Any CPU
		{D141E5DC-81DB-4352-8BAE-E3772BDC23DE}.Debug|x86.Build.0 = Debug|Any CPU
		{D141E5DC-81DB-4352-8BAE-E3772BDC23DE}.Release|Any CPU.ActiveCfg = Release|Any CPU
		{D141E5DC-81DB-4352-8BAE-E3772BDC23DE}.Release|Any CPU.Build.0 = Release|Any CPU
		{D141E5DC-81DB-4352-8BAE-E3772BDC23DE}.Release|ARM.ActiveCfg = Release|Any CPU
		{D141E5DC-81DB-4352-8BAE-E3772BDC23DE}.Release|ARM.Build.0 = Release|Any CPU
		{D141E5DC-81DB-4352-8BAE-E3772BDC23DE}.Release|x64.ActiveCfg = Release|Any CPU
		{D141E5DC-81DB-4352-8BAE-E3772BDC23DE}.Release|x64.Build.0 = Release|Any CPU
		{D141E5DC-81DB-4352-8BAE-E3772BDC23DE}.Release|x86.ActiveCfg = Release|Any CPU
		{D141E5DC-81DB-4352-8BAE-E3772BDC23DE}.Release|x86.Build.0 = Release|Any CPU
		{985EF24F-2BE8-4CDA-92E9-01A401AB864A}.Debug|Any CPU.ActiveCfg = Debug|x86
		{985EF24F-2BE8-4CDA-92E9-01A401AB864A}.Debug|ARM.ActiveCfg = Debug|ARM
		{985EF24F-2BE8-4CDA-92E9-01A401AB864A}.Debug|ARM.Build.0 = Debug|ARM
		{985EF24F-2BE8-4CDA-92E9-01A401AB864A}.Debug|ARM.Deploy.0 = Debug|ARM
		{985EF24F-2BE8-4CDA-92E9-01A401AB864A}.Debug|x64.ActiveCfg = Debug|x64
		{985EF24F-2BE8-4CDA-92E9-01A401AB864A}.Debug|x64.Build.0 = Debug|x64
		{985EF24F-2BE8-4CDA-92E9-01A401AB864A}.Debug|x64.Deploy.0 = Debug|x64
		{985EF24F-2BE8-4CDA-92E9-01A401AB864A}.Debug|x86.ActiveCfg = Debug|x86
		{985EF24F-2BE8-4CDA-92E9-01A401AB864A}.Debug|x86.Build.0 = Debug|x86
		{985EF24F-2BE8-4CDA-92E9-01A401AB864A}.Debug|x86.Deploy.0 = Debug|x86
		{985EF24F-2BE8-4CDA-92E9-01A401AB864A}.Release|Any CPU.ActiveCfg = Release|x86
		{985EF24F-2BE8-4CDA-92E9-01A401AB864A}.Release|ARM.ActiveCfg = Release|ARM
		{985EF24F-2BE8-4CDA-92E9-01A401AB864A}.Release|ARM.Build.0 = Release|ARM
		{985EF24F-2BE8-4CDA-92E9-01A401AB864A}.Release|ARM.Deploy.0 = Release|ARM
		{985EF24F-2BE8-4CDA-92E9-01A401AB864A}.Release|x64.ActiveCfg = Release|x64
		{985EF24F-2BE8-4CDA-92E9-01A401AB864A}.Release|x64.Build.0 = Release|x64
		{985EF24F-2BE8-4CDA-92E9-01A401AB864A}.Release|x64.Deploy.0 = Release|x64
		{985EF24F-2BE8-4CDA-92E9-01A401AB864A}.Release|x86.ActiveCfg = Release|x86
		{985EF24F-2BE8-4CDA-92E9-01A401AB864A}.Release|x86.Build.0 = Release|x86
		{985EF24F-2BE8-4CDA-92E9-01A401AB864A}.Release|x86.Deploy.0 = Release|x86
		{E2F87D43-2BE1-4916-B0BD-189E9DF344E8}.Debug|Any CPU.ActiveCfg = Debug|Any CPU
		{E2F87D43-2BE1-4916-B0BD-189E9DF344E8}.Debug|Any CPU.Build.0 = Debug|Any CPU
		{E2F87D43-2BE1-4916-B0BD-189E9DF344E8}.Debug|ARM.ActiveCfg = Debug|Any CPU
		{E2F87D43-2BE1-4916-B0BD-189E9DF344E8}.Debug|ARM.Build.0 = Debug|Any CPU
		{E2F87D43-2BE1-4916-B0BD-189E9DF344E8}.Debug|x64.ActiveCfg = Debug|Any CPU
		{E2F87D43-2BE1-4916-B0BD-189E9DF344E8}.Debug|x64.Build.0 = Debug|Any CPU
		{E2F87D43-2BE1-4916-B0BD-189E9DF344E8}.Debug|x86.ActiveCfg = Debug|Any CPU
		{E2F87D43-2BE1-4916-B0BD-189E9DF344E8}.Debug|x86.Build.0 = Debug|Any CPU
		{E2F87D43-2BE1-4916-B0BD-189E9DF344E8}.Release|Any CPU.ActiveCfg = Release|Any CPU
		{E2F87D43-2BE1-4916-B0BD-189E9DF344E8}.Release|Any CPU.Build.0 = Release|Any CPU
		{E2F87D43-2BE1-4916-B0BD-189E9DF344E8}.Release|ARM.ActiveCfg = Release|Any CPU
		{E2F87D43-2BE1-4916-B0BD-189E9DF344E8}.Release|ARM.Build.0 = Release|Any CPU
		{E2F87D43-2BE1-4916-B0BD-189E9DF344E8}.Release|x64.ActiveCfg = Release|Any CPU
		{E2F87D43-2BE1-4916-B0BD-189E9DF344E8}.Release|x64.Build.0 = Release|Any CPU
		{E2F87D43-2BE1-4916-B0BD-189E9DF344E8}.Release|x86.ActiveCfg = Release|Any CPU
		{E2F87D43-2BE1-4916-B0BD-189E9DF344E8}.Release|x86.Build.0 = Release|Any CPU
		{57C40F3D-568E-4055-B1B2-534740324D32}.Debug|Any CPU.ActiveCfg = Debug|Any CPU
		{57C40F3D-568E-4055-B1B2-534740324D32}.Debug|Any CPU.Build.0 = Debug|Any CPU
		{57C40F3D-568E-4055-B1B2-534740324D32}.Debug|ARM.ActiveCfg = Debug|Any CPU
		{57C40F3D-568E-4055-B1B2-534740324D32}.Debug|ARM.Build.0 = Debug|Any CPU
		{57C40F3D-568E-4055-B1B2-534740324D32}.Debug|x64.ActiveCfg = Debug|Any CPU
		{57C40F3D-568E-4055-B1B2-534740324D32}.Debug|x64.Build.0 = Debug|Any CPU
		{57C40F3D-568E-4055-B1B2-534740324D32}.Debug|x86.ActiveCfg = Debug|Any CPU
		{57C40F3D-568E-4055-B1B2-534740324D32}.Debug|x86.Build.0 = Debug|Any CPU
		{57C40F3D-568E-4055-B1B2-534740324D32}.Release|Any CPU.ActiveCfg = Release|Any CPU
		{57C40F3D-568E-4055-B1B2-534740324D32}.Release|Any CPU.Build.0 = Release|Any CPU
		{57C40F3D-568E-4055-B1B2-534740324D32}.Release|ARM.ActiveCfg = Release|Any CPU
		{57C40F3D-568E-4055-B1B2-534740324D32}.Release|ARM.Build.0 = Release|Any CPU
		{57C40F3D-568E-4055-B1B2-534740324D32}.Release|x64.ActiveCfg = Release|Any CPU
		{57C40F3D-568E-4055-B1B2-534740324D32}.Release|x64.Build.0 = Release|Any CPU
		{57C40F3D-568E-4055-B1B2-534740324D32}.Release|x86.ActiveCfg = Release|Any CPU
		{57C40F3D-568E-4055-B1B2-534740324D32}.Release|x86.Build.0 = Release|Any CPU
		{82597A86-A912-417F-9875-3D52B53DD343}.Debug|Any CPU.ActiveCfg = Debug|Any CPU
		{82597A86-A912-417F-9875-3D52B53DD343}.Debug|Any CPU.Build.0 = Debug|Any CPU
		{82597A86-A912-417F-9875-3D52B53DD343}.Debug|ARM.ActiveCfg = Debug|Any CPU
		{82597A86-A912-417F-9875-3D52B53DD343}.Debug|ARM.Build.0 = Debug|Any CPU
		{82597A86-A912-417F-9875-3D52B53DD343}.Debug|x64.ActiveCfg = Debug|Any CPU
		{82597A86-A912-417F-9875-3D52B53DD343}.Debug|x64.Build.0 = Debug|Any CPU
		{82597A86-A912-417F-9875-3D52B53DD343}.Debug|x86.ActiveCfg = Debug|Any CPU
		{82597A86-A912-417F-9875-3D52B53DD343}.Debug|x86.Build.0 = Debug|Any CPU
		{82597A86-A912-417F-9875-3D52B53DD343}.Release|Any CPU.ActiveCfg = Release|Any CPU
		{82597A86-A912-417F-9875-3D52B53DD343}.Release|Any CPU.Build.0 = Release|Any CPU
		{82597A86-A912-417F-9875-3D52B53DD343}.Release|ARM.ActiveCfg = Release|Any CPU
		{82597A86-A912-417F-9875-3D52B53DD343}.Release|ARM.Build.0 = Release|Any CPU
		{82597A86-A912-417F-9875-3D52B53DD343}.Release|x64.ActiveCfg = Release|Any CPU
		{82597A86-A912-417F-9875-3D52B53DD343}.Release|x64.Build.0 = Release|Any CPU
		{82597A86-A912-417F-9875-3D52B53DD343}.Release|x86.ActiveCfg = Release|Any CPU
		{82597A86-A912-417F-9875-3D52B53DD343}.Release|x86.Build.0 = Release|Any CPU
		{ACB5C0B4-8DCE-47C1-9464-976875546679}.Debug|Any CPU.ActiveCfg = Debug|Any CPU
		{ACB5C0B4-8DCE-47C1-9464-976875546679}.Debug|Any CPU.Build.0 = Debug|Any CPU
		{ACB5C0B4-8DCE-47C1-9464-976875546679}.Debug|ARM.ActiveCfg = Debug|Any CPU
		{ACB5C0B4-8DCE-47C1-9464-976875546679}.Debug|ARM.Build.0 = Debug|Any CPU
		{ACB5C0B4-8DCE-47C1-9464-976875546679}.Debug|x64.ActiveCfg = Debug|Any CPU
		{ACB5C0B4-8DCE-47C1-9464-976875546679}.Debug|x64.Build.0 = Debug|Any CPU
		{ACB5C0B4-8DCE-47C1-9464-976875546679}.Debug|x86.ActiveCfg = Debug|Any CPU
		{ACB5C0B4-8DCE-47C1-9464-976875546679}.Debug|x86.Build.0 = Debug|Any CPU
		{ACB5C0B4-8DCE-47C1-9464-976875546679}.Release|Any CPU.ActiveCfg = Release|Any CPU
		{ACB5C0B4-8DCE-47C1-9464-976875546679}.Release|Any CPU.Build.0 = Release|Any CPU
		{ACB5C0B4-8DCE-47C1-9464-976875546679}.Release|ARM.ActiveCfg = Release|Any CPU
		{ACB5C0B4-8DCE-47C1-9464-976875546679}.Release|ARM.Build.0 = Release|Any CPU
		{ACB5C0B4-8DCE-47C1-9464-976875546679}.Release|x64.ActiveCfg = Release|Any CPU
		{ACB5C0B4-8DCE-47C1-9464-976875546679}.Release|x64.Build.0 = Release|Any CPU
		{ACB5C0B4-8DCE-47C1-9464-976875546679}.Release|x86.ActiveCfg = Release|Any CPU
		{ACB5C0B4-8DCE-47C1-9464-976875546679}.Release|x86.Build.0 = Release|Any CPU
		{2B9AAEC0-73B2-4A66-8CD4-652701C6ED22}.Debug|Any CPU.ActiveCfg = Debug|Any CPU
		{2B9AAEC0-73B2-4A66-8CD4-652701C6ED22}.Debug|Any CPU.Build.0 = Debug|Any CPU
		{2B9AAEC0-73B2-4A66-8CD4-652701C6ED22}.Debug|ARM.ActiveCfg = Debug|Any CPU
		{2B9AAEC0-73B2-4A66-8CD4-652701C6ED22}.Debug|ARM.Build.0 = Debug|Any CPU
		{2B9AAEC0-73B2-4A66-8CD4-652701C6ED22}.Debug|x64.ActiveCfg = Debug|Any CPU
		{2B9AAEC0-73B2-4A66-8CD4-652701C6ED22}.Debug|x64.Build.0 = Debug|Any CPU
		{2B9AAEC0-73B2-4A66-8CD4-652701C6ED22}.Debug|x86.ActiveCfg = Debug|Any CPU
		{2B9AAEC0-73B2-4A66-8CD4-652701C6ED22}.Debug|x86.Build.0 = Debug|Any CPU
		{2B9AAEC0-73B2-4A66-8CD4-652701C6ED22}.Release|Any CPU.ActiveCfg = Release|Any CPU
		{2B9AAEC0-73B2-4A66-8CD4-652701C6ED22}.Release|Any CPU.Build.0 = Release|Any CPU
		{2B9AAEC0-73B2-4A66-8CD4-652701C6ED22}.Release|ARM.ActiveCfg = Release|Any CPU
		{2B9AAEC0-73B2-4A66-8CD4-652701C6ED22}.Release|ARM.Build.0 = Release|Any CPU
		{2B9AAEC0-73B2-4A66-8CD4-652701C6ED22}.Release|x64.ActiveCfg = Release|Any CPU
		{2B9AAEC0-73B2-4A66-8CD4-652701C6ED22}.Release|x64.Build.0 = Release|Any CPU
		{2B9AAEC0-73B2-4A66-8CD4-652701C6ED22}.Release|x86.ActiveCfg = Release|Any CPU
		{2B9AAEC0-73B2-4A66-8CD4-652701C6ED22}.Release|x86.Build.0 = Release|Any CPU
		{EC39394D-3A99-4EBB-83F3-9D800A8D4BCC}.Debug|Any CPU.ActiveCfg = Debug|Any CPU
		{EC39394D-3A99-4EBB-83F3-9D800A8D4BCC}.Debug|Any CPU.Build.0 = Debug|Any CPU
		{EC39394D-3A99-4EBB-83F3-9D800A8D4BCC}.Debug|ARM.ActiveCfg = Debug|Any CPU
		{EC39394D-3A99-4EBB-83F3-9D800A8D4BCC}.Debug|ARM.Build.0 = Debug|Any CPU
		{EC39394D-3A99-4EBB-83F3-9D800A8D4BCC}.Debug|x64.ActiveCfg = Debug|Any CPU
		{EC39394D-3A99-4EBB-83F3-9D800A8D4BCC}.Debug|x64.Build.0 = Debug|Any CPU
		{EC39394D-3A99-4EBB-83F3-9D800A8D4BCC}.Debug|x86.ActiveCfg = Debug|Any CPU
		{EC39394D-3A99-4EBB-83F3-9D800A8D4BCC}.Debug|x86.Build.0 = Debug|Any CPU
		{EC39394D-3A99-4EBB-83F3-9D800A8D4BCC}.Release|Any CPU.ActiveCfg = Release|Any CPU
		{EC39394D-3A99-4EBB-83F3-9D800A8D4BCC}.Release|Any CPU.Build.0 = Release|Any CPU
		{EC39394D-3A99-4EBB-83F3-9D800A8D4BCC}.Release|ARM.ActiveCfg = Release|Any CPU
		{EC39394D-3A99-4EBB-83F3-9D800A8D4BCC}.Release|ARM.Build.0 = Release|Any CPU
		{EC39394D-3A99-4EBB-83F3-9D800A8D4BCC}.Release|x64.ActiveCfg = Release|Any CPU
		{EC39394D-3A99-4EBB-83F3-9D800A8D4BCC}.Release|x64.Build.0 = Release|Any CPU
		{EC39394D-3A99-4EBB-83F3-9D800A8D4BCC}.Release|x86.ActiveCfg = Release|Any CPU
		{EC39394D-3A99-4EBB-83F3-9D800A8D4BCC}.Release|x86.Build.0 = Release|Any CPU
		{F46C8D26-8858-47CC-AEC3-D9AD181F22AE}.Debug|Any CPU.ActiveCfg = Debug|Any CPU
		{F46C8D26-8858-47CC-AEC3-D9AD181F22AE}.Debug|Any CPU.Build.0 = Debug|Any CPU
		{F46C8D26-8858-47CC-AEC3-D9AD181F22AE}.Debug|ARM.ActiveCfg = Debug|Any CPU
		{F46C8D26-8858-47CC-AEC3-D9AD181F22AE}.Debug|ARM.Build.0 = Debug|Any CPU
		{F46C8D26-8858-47CC-AEC3-D9AD181F22AE}.Debug|x64.ActiveCfg = Debug|Any CPU
		{F46C8D26-8858-47CC-AEC3-D9AD181F22AE}.Debug|x64.Build.0 = Debug|Any CPU
		{F46C8D26-8858-47CC-AEC3-D9AD181F22AE}.Debug|x86.ActiveCfg = Debug|Any CPU
		{F46C8D26-8858-47CC-AEC3-D9AD181F22AE}.Debug|x86.Build.0 = Debug|Any CPU
		{F46C8D26-8858-47CC-AEC3-D9AD181F22AE}.Release|Any CPU.ActiveCfg = Release|Any CPU
		{F46C8D26-8858-47CC-AEC3-D9AD181F22AE}.Release|Any CPU.Build.0 = Release|Any CPU
		{F46C8D26-8858-47CC-AEC3-D9AD181F22AE}.Release|ARM.ActiveCfg = Release|Any CPU
		{F46C8D26-8858-47CC-AEC3-D9AD181F22AE}.Release|ARM.Build.0 = Release|Any CPU
		{F46C8D26-8858-47CC-AEC3-D9AD181F22AE}.Release|x64.ActiveCfg = Release|Any CPU
		{F46C8D26-8858-47CC-AEC3-D9AD181F22AE}.Release|x64.Build.0 = Release|Any CPU
		{F46C8D26-8858-47CC-AEC3-D9AD181F22AE}.Release|x86.ActiveCfg = Release|Any CPU
		{F46C8D26-8858-47CC-AEC3-D9AD181F22AE}.Release|x86.Build.0 = Release|Any CPU
		{64248C4A-F8FE-468B-8019-5B0D1D90254B}.Debug|Any CPU.ActiveCfg = Debug|Any CPU
		{64248C4A-F8FE-468B-8019-5B0D1D90254B}.Debug|Any CPU.Build.0 = Debug|Any CPU
		{64248C4A-F8FE-468B-8019-5B0D1D90254B}.Debug|ARM.ActiveCfg = Debug|Any CPU
		{64248C4A-F8FE-468B-8019-5B0D1D90254B}.Debug|ARM.Build.0 = Debug|Any CPU
		{64248C4A-F8FE-468B-8019-5B0D1D90254B}.Debug|x64.ActiveCfg = Debug|Any CPU
		{64248C4A-F8FE-468B-8019-5B0D1D90254B}.Debug|x64.Build.0 = Debug|Any CPU
		{64248C4A-F8FE-468B-8019-5B0D1D90254B}.Debug|x86.ActiveCfg = Debug|Any CPU
		{64248C4A-F8FE-468B-8019-5B0D1D90254B}.Debug|x86.Build.0 = Debug|Any CPU
		{64248C4A-F8FE-468B-8019-5B0D1D90254B}.Release|Any CPU.ActiveCfg = Release|Any CPU
		{64248C4A-F8FE-468B-8019-5B0D1D90254B}.Release|Any CPU.Build.0 = Release|Any CPU
		{64248C4A-F8FE-468B-8019-5B0D1D90254B}.Release|ARM.ActiveCfg = Release|Any CPU
		{64248C4A-F8FE-468B-8019-5B0D1D90254B}.Release|ARM.Build.0 = Release|Any CPU
		{64248C4A-F8FE-468B-8019-5B0D1D90254B}.Release|x64.ActiveCfg = Release|Any CPU
		{64248C4A-F8FE-468B-8019-5B0D1D90254B}.Release|x64.Build.0 = Release|Any CPU
		{64248C4A-F8FE-468B-8019-5B0D1D90254B}.Release|x86.ActiveCfg = Release|Any CPU
		{64248C4A-F8FE-468B-8019-5B0D1D90254B}.Release|x86.Build.0 = Release|Any CPU
	EndGlobalSection
	GlobalSection(SolutionProperties) = preSolution
		HideSolutionNode = FALSE
	EndGlobalSection
	GlobalSection(NestedProjects) = preSolution
		{F5DCBFA2-B438-4CD0-A67F-6D329451598C} = {33D617FD-895B-4247-8FE5-C0FC78FEAB20}
		{5B0E0750-7271-48EF-8DC3-DB4FA50DA197} = {F5DCBFA2-B438-4CD0-A67F-6D329451598C}
		{56EB6F12-8D8A-41A3-88F2-FCC99A1FDD44} = {33D617FD-895B-4247-8FE5-C0FC78FEAB20}
		{9A399352-004C-4275-9D32-90BF8C19F0AA} = {56EB6F12-8D8A-41A3-88F2-FCC99A1FDD44}
		{09CC8B05-E45D-4B40-A44B-EFF68238F95F} = {F5DCBFA2-B438-4CD0-A67F-6D329451598C}
		{4EC678B3-068B-47B9-8241-4D9D8416A3D9} = {33D617FD-895B-4247-8FE5-C0FC78FEAB20}
		{1B768A39-F2BD-41F5-8CBE-3C6F1B9F69DC} = {33D617FD-895B-4247-8FE5-C0FC78FEAB20}
		{8115741A-A820-4943-BEA2-E57EDBF3689B} = {33D617FD-895B-4247-8FE5-C0FC78FEAB20}
		{679A414C-CB14-4A17-B90B-F9FC16DB55E6} = {33D617FD-895B-4247-8FE5-C0FC78FEAB20}
		{19A288B6-7E05-488D-92D4-EA91629BF25C} = {33D617FD-895B-4247-8FE5-C0FC78FEAB20}
		{D141E5DC-81DB-4352-8BAE-E3772BDC23DE} = {33D617FD-895B-4247-8FE5-C0FC78FEAB20}
		{985EF24F-2BE8-4CDA-92E9-01A401AB864A} = {4EC678B3-068B-47B9-8241-4D9D8416A3D9}
		{E2F87D43-2BE1-4916-B0BD-189E9DF344E8} = {33D617FD-895B-4247-8FE5-C0FC78FEAB20}
		{57C40F3D-568E-4055-B1B2-534740324D32} = {33D617FD-895B-4247-8FE5-C0FC78FEAB20}
		{82597A86-A912-417F-9875-3D52B53DD343} = {56EB6F12-8D8A-41A3-88F2-FCC99A1FDD44}
		{ACB5C0B4-8DCE-47C1-9464-976875546679} = {56EB6F12-8D8A-41A3-88F2-FCC99A1FDD44}
		{2B9AAEC0-73B2-4A66-8CD4-652701C6ED22} = {54E01EC0-228B-4CA4-A3C2-3CAFF1B5E9B1}
		{EC39394D-3A99-4EBB-83F3-9D800A8D4BCC} = {54E01EC0-228B-4CA4-A3C2-3CAFF1B5E9B1}
		{F46C8D26-8858-47CC-AEC3-D9AD181F22AE} = {54E01EC0-228B-4CA4-A3C2-3CAFF1B5E9B1}
		{64248C4A-F8FE-468B-8019-5B0D1D90254B} = {56EB6F12-8D8A-41A3-88F2-FCC99A1FDD44}
	EndGlobalSection
EndGlobal
