
Microsoft Visual Studio Solution File, Format Version 12.00
# Visual Studio 15
VisualStudioVersion = 15.0.27102.0
MinimumVisualStudioVersion = 10.0.40219.1
Project("{2150E333-8FDC-42A3-9474-1A3956D46DE8}") = "Tools", "Tools", "{F5DCBFA2-B438-4CD0-A67F-6D329451598C}"
EndProject
Project("{9A19103F-16F7-4668-BE54-9A1E7A4F7556}") = "Ungelify", "src\Tools\Ungelify\Ungelify.csproj", "{09CC8B05-E45D-4B40-A44B-EFF68238F95F}"
EndProject
Project("{9A19103F-16F7-4668-BE54-9A1E7A4F7556}") = "SciAdvNet.SC3Script", "src\SciAdvNet.SC3Script\SciAdvNet.SC3Script.csproj", "{1B768A39-F2BD-41F5-8CBE-3C6F1B9F69DC}"
EndProject
Project("{9A19103F-16F7-4668-BE54-9A1E7A4F7556}") = "SciAdvNet.Vfs", "src\SciAdvNet.Vfs\SciAdvNet.Vfs.csproj", "{57C40F3D-568E-4055-B1B2-534740324D32}"
EndProject
Project("{2150E333-8FDC-42A3-9474-1A3956D46DE8}") = "src", "src", "{33D617FD-895B-4247-8FE5-C0FC78FEAB20}"
EndProject
Project("{2150E333-8FDC-42A3-9474-1A3956D46DE8}") = "tests", "tests", "{54E01EC0-228B-4CA4-A3C2-3CAFF1B5E9B1}"
EndProject
Project("{9A19103F-16F7-4668-BE54-9A1E7A4F7556}") = "SciAdvNet.MagesVfs.Tests", "tests\SciAdvNet.MagesVfs.Tests\SciAdvNet.MagesVfs.Tests.csproj", "{8C821B74-3DCF-4FEB-BBC4-6FEF6A6CC4DB}"
EndProject
Project("{9A19103F-16F7-4668-BE54-9A1E7A4F7556}") = "SC3Tools", "src\Tools\SC3Tools\SC3Tools.csproj", "{C713EA6E-637F-4777-BE5E-00EFF00FA108}"
EndProject
Project("{9A19103F-16F7-4668-BE54-9A1E7A4F7556}") = "SciAdvNet.SC3Script.Tests", "tests\SciAdvNet.SC3Script.Tests\SciAdvNet.SC3Script.Tests.csproj", "{E8054368-03B2-4F46-A426-12E4AE6DD7D4}"
EndProject
Global
	GlobalSection(SharedMSBuildProjectFiles) = preSolution
		src\SciAdvNet.Common\SciAdvNet.Common.projitems*{09cc8b05-e45d-4b40-a44b-eff68238f95f}*SharedItemsImports = 4
		src\SciAdvNet.Common\SciAdvNet.Common.projitems*{1b768a39-f2bd-41f5-8cbe-3c6f1b9f69dc}*SharedItemsImports = 4
		src\SciAdvNet.Common\SciAdvNet.Common.projitems*{57c40f3d-568e-4055-b1b2-534740324d32}*SharedItemsImports = 4
	EndGlobalSection
	GlobalSection(SolutionConfigurationPlatforms) = preSolution
		Debug|Any CPU = Debug|Any CPU
		Debug|ARM = Debug|ARM
		Debug|x64 = Debug|x64
		Debug|x86 = Debug|x86
		Release|Any CPU = Release|Any CPU
		Release|ARM = Release|ARM
		Release|x64 = Release|x64
		Release|x86 = Release|x86
	EndGlobalSection
	GlobalSection(ProjectConfigurationPlatforms) = postSolution
		{09CC8B05-E45D-4B40-A44B-EFF68238F95F}.Debug|Any CPU.ActiveCfg = Debug|Any CPU
		{09CC8B05-E45D-4B40-A44B-EFF68238F95F}.Debug|Any CPU.Build.0 = Debug|Any CPU
		{09CC8B05-E45D-4B40-A44B-EFF68238F95F}.Debug|ARM.ActiveCfg = Debug|Any CPU
		{09CC8B05-E45D-4B40-A44B-EFF68238F95F}.Debug|ARM.Build.0 = Debug|Any CPU
		{09CC8B05-E45D-4B40-A44B-EFF68238F95F}.Debug|x64.ActiveCfg = Debug|Any CPU
		{09CC8B05-E45D-4B40-A44B-EFF68238F95F}.Debug|x64.Build.0 = Debug|Any CPU
		{09CC8B05-E45D-4B40-A44B-EFF68238F95F}.Debug|x86.ActiveCfg = Debug|Any CPU
		{09CC8B05-E45D-4B40-A44B-EFF68238F95F}.Debug|x86.Build.0 = Debug|Any CPU
		{09CC8B05-E45D-4B40-A44B-EFF68238F95F}.Release|Any CPU.ActiveCfg = Release|Any CPU
		{09CC8B05-E45D-4B40-A44B-EFF68238F95F}.Release|Any CPU.Build.0 = Release|Any CPU
		{09CC8B05-E45D-4B40-A44B-EFF68238F95F}.Release|ARM.ActiveCfg = Release|Any CPU
		{09CC8B05-E45D-4B40-A44B-EFF68238F95F}.Release|ARM.Build.0 = Release|Any CPU
		{09CC8B05-E45D-4B40-A44B-EFF68238F95F}.Release|x64.ActiveCfg = Release|Any CPU
		{09CC8B05-E45D-4B40-A44B-EFF68238F95F}.Release|x64.Build.0 = Release|Any CPU
		{09CC8B05-E45D-4B40-A44B-EFF68238F95F}.Release|x86.ActiveCfg = Release|Any CPU
		{09CC8B05-E45D-4B40-A44B-EFF68238F95F}.Release|x86.Build.0 = Release|Any CPU
		{1B768A39-F2BD-41F5-8CBE-3C6F1B9F69DC}.Debug|Any CPU.ActiveCfg = Debug|Any CPU
		{1B768A39-F2BD-41F5-8CBE-3C6F1B9F69DC}.Debug|Any CPU.Build.0 = Debug|Any CPU
		{1B768A39-F2BD-41F5-8CBE-3C6F1B9F69DC}.Debug|ARM.ActiveCfg = Debug|Any CPU
		{1B768A39-F2BD-41F5-8CBE-3C6F1B9F69DC}.Debug|ARM.Build.0 = Debug|Any CPU
		{1B768A39-F2BD-41F5-8CBE-3C6F1B9F69DC}.Debug|x64.ActiveCfg = Debug|Any CPU
		{1B768A39-F2BD-41F5-8CBE-3C6F1B9F69DC}.Debug|x64.Build.0 = Debug|Any CPU
		{1B768A39-F2BD-41F5-8CBE-3C6F1B9F69DC}.Debug|x86.ActiveCfg = Debug|Any CPU
		{1B768A39-F2BD-41F5-8CBE-3C6F1B9F69DC}.Debug|x86.Build.0 = Debug|Any CPU
		{1B768A39-F2BD-41F5-8CBE-3C6F1B9F69DC}.Release|Any CPU.ActiveCfg = Release|Any CPU
		{1B768A39-F2BD-41F5-8CBE-3C6F1B9F69DC}.Release|Any CPU.Build.0 = Release|Any CPU
		{1B768A39-F2BD-41F5-8CBE-3C6F1B9F69DC}.Release|ARM.ActiveCfg = Release|Any CPU
		{1B768A39-F2BD-41F5-8CBE-3C6F1B9F69DC}.Release|ARM.Build.0 = Release|Any CPU
		{1B768A39-F2BD-41F5-8CBE-3C6F1B9F69DC}.Release|x64.ActiveCfg = Release|Any CPU
		{1B768A39-F2BD-41F5-8CBE-3C6F1B9F69DC}.Release|x64.Build.0 = Release|Any CPU
		{1B768A39-F2BD-41F5-8CBE-3C6F1B9F69DC}.Release|x86.ActiveCfg = Release|Any CPU
		{1B768A39-F2BD-41F5-8CBE-3C6F1B9F69DC}.Release|x86.Build.0 = Release|Any CPU
		{57C40F3D-568E-4055-B1B2-534740324D32}.Debug|Any CPU.ActiveCfg = Debug|Any CPU
		{57C40F3D-568E-4055-B1B2-534740324D32}.Debug|Any CPU.Build.0 = Debug|Any CPU
		{57C40F3D-568E-4055-B1B2-534740324D32}.Debug|ARM.ActiveCfg = Debug|Any CPU
		{57C40F3D-568E-4055-B1B2-534740324D32}.Debug|ARM.Build.0 = Debug|Any CPU
		{57C40F3D-568E-4055-B1B2-534740324D32}.Debug|x64.ActiveCfg = Debug|Any CPU
		{57C40F3D-568E-4055-B1B2-534740324D32}.Debug|x64.Build.0 = Debug|Any CPU
		{57C40F3D-568E-4055-B1B2-534740324D32}.Debug|x86.ActiveCfg = Debug|Any CPU
		{57C40F3D-568E-4055-B1B2-534740324D32}.Debug|x86.Build.0 = Debug|Any CPU
		{57C40F3D-568E-4055-B1B2-534740324D32}.Release|Any CPU.ActiveCfg = Release|Any CPU
		{57C40F3D-568E-4055-B1B2-534740324D32}.Release|Any CPU.Build.0 = Release|Any CPU
		{57C40F3D-568E-4055-B1B2-534740324D32}.Release|ARM.ActiveCfg = Release|Any CPU
		{57C40F3D-568E-4055-B1B2-534740324D32}.Release|ARM.Build.0 = Release|Any CPU
		{57C40F3D-568E-4055-B1B2-534740324D32}.Release|x64.ActiveCfg = Release|Any CPU
		{57C40F3D-568E-4055-B1B2-534740324D32}.Release|x64.Build.0 = Release|Any CPU
		{57C40F3D-568E-4055-B1B2-534740324D32}.Release|x86.ActiveCfg = Release|Any CPU
		{57C40F3D-568E-4055-B1B2-534740324D32}.Release|x86.Build.0 = Release|Any CPU
		{8C821B74-3DCF-4FEB-BBC4-6FEF6A6CC4DB}.Debug|Any CPU.ActiveCfg = Debug|Any CPU
		{8C821B74-3DCF-4FEB-BBC4-6FEF6A6CC4DB}.Debug|Any CPU.Build.0 = Debug|Any CPU
		{8C821B74-3DCF-4FEB-BBC4-6FEF6A6CC4DB}.Debug|ARM.ActiveCfg = Debug|Any CPU
		{8C821B74-3DCF-4FEB-BBC4-6FEF6A6CC4DB}.Debug|ARM.Build.0 = Debug|Any CPU
		{8C821B74-3DCF-4FEB-BBC4-6FEF6A6CC4DB}.Debug|x64.ActiveCfg = Debug|Any CPU
		{8C821B74-3DCF-4FEB-BBC4-6FEF6A6CC4DB}.Debug|x64.Build.0 = Debug|Any CPU
		{8C821B74-3DCF-4FEB-BBC4-6FEF6A6CC4DB}.Debug|x86.ActiveCfg = Debug|Any CPU
		{8C821B74-3DCF-4FEB-BBC4-6FEF6A6CC4DB}.Debug|x86.Build.0 = Debug|Any CPU
		{8C821B74-3DCF-4FEB-BBC4-6FEF6A6CC4DB}.Release|Any CPU.ActiveCfg = Release|Any CPU
		{8C821B74-3DCF-4FEB-BBC4-6FEF6A6CC4DB}.Release|Any CPU.Build.0 = Release|Any CPU
		{8C821B74-3DCF-4FEB-BBC4-6FEF6A6CC4DB}.Release|ARM.ActiveCfg = Release|Any CPU
		{8C821B74-3DCF-4FEB-BBC4-6FEF6A6CC4DB}.Release|ARM.Build.0 = Release|Any CPU
		{8C821B74-3DCF-4FEB-BBC4-6FEF6A6CC4DB}.Release|x64.ActiveCfg = Release|Any CPU
		{8C821B74-3DCF-4FEB-BBC4-6FEF6A6CC4DB}.Release|x64.Build.0 = Release|Any CPU
		{8C821B74-3DCF-4FEB-BBC4-6FEF6A6CC4DB}.Release|x86.ActiveCfg = Release|Any CPU
		{8C821B74-3DCF-4FEB-BBC4-6FEF6A6CC4DB}.Release|x86.Build.0 = Release|Any CPU
		{C713EA6E-637F-4777-BE5E-00EFF00FA108}.Debug|Any CPU.ActiveCfg = Debug|Any CPU
		{C713EA6E-637F-4777-BE5E-00EFF00FA108}.Debug|Any CPU.Build.0 = Debug|Any CPU
		{C713EA6E-637F-4777-BE5E-00EFF00FA108}.Debug|ARM.ActiveCfg = Debug|Any CPU
		{C713EA6E-637F-4777-BE5E-00EFF00FA108}.Debug|ARM.Build.0 = Debug|Any CPU
		{C713EA6E-637F-4777-BE5E-00EFF00FA108}.Debug|x64.ActiveCfg = Debug|Any CPU
		{C713EA6E-637F-4777-BE5E-00EFF00FA108}.Debug|x64.Build.0 = Debug|Any CPU
		{C713EA6E-637F-4777-BE5E-00EFF00FA108}.Debug|x86.ActiveCfg = Debug|Any CPU
		{C713EA6E-637F-4777-BE5E-00EFF00FA108}.Debug|x86.Build.0 = Debug|Any CPU
		{C713EA6E-637F-4777-BE5E-00EFF00FA108}.Release|Any CPU.ActiveCfg = Release|Any CPU
		{C713EA6E-637F-4777-BE5E-00EFF00FA108}.Release|Any CPU.Build.0 = Release|Any CPU
		{C713EA6E-637F-4777-BE5E-00EFF00FA108}.Release|ARM.ActiveCfg = Release|Any CPU
		{C713EA6E-637F-4777-BE5E-00EFF00FA108}.Release|ARM.Build.0 = Release|Any CPU
		{C713EA6E-637F-4777-BE5E-00EFF00FA108}.Release|x64.ActiveCfg = Release|Any CPU
		{C713EA6E-637F-4777-BE5E-00EFF00FA108}.Release|x64.Build.0 = Release|Any CPU
		{C713EA6E-637F-4777-BE5E-00EFF00FA108}.Release|x86.ActiveCfg = Release|Any CPU
		{C713EA6E-637F-4777-BE5E-00EFF00FA108}.Release|x86.Build.0 = Release|Any CPU
		{E8054368-03B2-4F46-A426-12E4AE6DD7D4}.Debug|Any CPU.ActiveCfg = Debug|Any CPU
		{E8054368-03B2-4F46-A426-12E4AE6DD7D4}.Debug|Any CPU.Build.0 = Debug|Any CPU
		{E8054368-03B2-4F46-A426-12E4AE6DD7D4}.Debug|ARM.ActiveCfg = Debug|Any CPU
		{E8054368-03B2-4F46-A426-12E4AE6DD7D4}.Debug|ARM.Build.0 = Debug|Any CPU
		{E8054368-03B2-4F46-A426-12E4AE6DD7D4}.Debug|x64.ActiveCfg = Debug|Any CPU
		{E8054368-03B2-4F46-A426-12E4AE6DD7D4}.Debug|x64.Build.0 = Debug|Any CPU
		{E8054368-03B2-4F46-A426-12E4AE6DD7D4}.Debug|x86.ActiveCfg = Debug|Any CPU
		{E8054368-03B2-4F46-A426-12E4AE6DD7D4}.Debug|x86.Build.0 = Debug|Any CPU
		{E8054368-03B2-4F46-A426-12E4AE6DD7D4}.Release|Any CPU.ActiveCfg = Release|Any CPU
		{E8054368-03B2-4F46-A426-12E4AE6DD7D4}.Release|Any CPU.Build.0 = Release|Any CPU
		{E8054368-03B2-4F46-A426-12E4AE6DD7D4}.Release|ARM.ActiveCfg = Release|Any CPU
		{E8054368-03B2-4F46-A426-12E4AE6DD7D4}.Release|ARM.Build.0 = Release|Any CPU
		{E8054368-03B2-4F46-A426-12E4AE6DD7D4}.Release|x64.ActiveCfg = Release|Any CPU
		{E8054368-03B2-4F46-A426-12E4AE6DD7D4}.Release|x64.Build.0 = Release|Any CPU
		{E8054368-03B2-4F46-A426-12E4AE6DD7D4}.Release|x86.ActiveCfg = Release|Any CPU
		{E8054368-03B2-4F46-A426-12E4AE6DD7D4}.Release|x86.Build.0 = Release|Any CPU
	EndGlobalSection
	GlobalSection(SolutionProperties) = preSolution
		HideSolutionNode = FALSE
	EndGlobalSection
	GlobalSection(NestedProjects) = preSolution
		{F5DCBFA2-B438-4CD0-A67F-6D329451598C} = {33D617FD-895B-4247-8FE5-C0FC78FEAB20}
		{09CC8B05-E45D-4B40-A44B-EFF68238F95F} = {F5DCBFA2-B438-4CD0-A67F-6D329451598C}
		{1B768A39-F2BD-41F5-8CBE-3C6F1B9F69DC} = {33D617FD-895B-4247-8FE5-C0FC78FEAB20}
		{57C40F3D-568E-4055-B1B2-534740324D32} = {33D617FD-895B-4247-8FE5-C0FC78FEAB20}
		{8C821B74-3DCF-4FEB-BBC4-6FEF6A6CC4DB} = {54E01EC0-228B-4CA4-A3C2-3CAFF1B5E9B1}
		{C713EA6E-637F-4777-BE5E-00EFF00FA108} = {F5DCBFA2-B438-4CD0-A67F-6D329451598C}
		{E8054368-03B2-4F46-A426-12E4AE6DD7D4} = {54E01EC0-228B-4CA4-A3C2-3CAFF1B5E9B1}
	EndGlobalSection
	GlobalSection(ExtensibilityGlobals) = postSolution
		SolutionGuid = {1AC24F55-03B1-41AF-99E3-4751C7BF6873}
	EndGlobalSection
EndGlobal
